
Microsoft Visual Studio Solution File, Format Version 12.00
# Visual Studio Version 17
VisualStudioVersion = 17.12.35707.178
MinimumVisualStudioVersion = 10.0.40219.1
Project("{FAE04EC0-301F-11D3-BF4B-00C04F79EFBC}") = "ABCRetailersPOEPART1", "ABCRetailersPOEPART1.csproj", "{659421EF-364D-42AF-8FA6-854C139065A2}"
EndProject
Project("{FAE04EC0-301F-11D3-BF4B-00C04F79EFBC}") = "abcretailerspart2", "..\abcretailerspart2\abcretailerspart2.csproj", "{48234630-C98B-47FD-BC70-63474A21CBBA}"
EndProject
Global
	GlobalSection(SolutionConfigurationPlatforms) = preSolution
		Debug|Any CPU = Debug|Any CPU
		Release|Any CPU = Release|Any CPU
	EndGlobalSection
	GlobalSection(ProjectConfigurationPlatforms) = postSolution
		{659421EF-364D-42AF-8FA6-854C139065A2}.Debug|Any CPU.ActiveCfg = Debug|Any CPU
		{659421EF-364D-42AF-8FA6-854C139065A2}.Debug|Any CPU.Build.0 = Debug|Any CPU
		{659421EF-364D-42AF-8FA6-854C139065A2}.Release|Any CPU.ActiveCfg = Release|Any CPU
		{659421EF-364D-42AF-8FA6-854C139065A2}.Release|Any CPU.Build.0 = Release|Any CPU
		{48234630-C98B-47FD-BC70-63474A21CBBA}.Debug|Any CPU.ActiveCfg = Debug|Any CPU
		{48234630-C98B-47FD-BC70-63474A21CBBA}.Debug|Any CPU.Build.0 = Debug|Any CPU
		{48234630-C98B-47FD-BC70-63474A21CBBA}.Release|Any CPU.ActiveCfg = Release|Any CPU
		{48234630-C98B-47FD-BC70-63474A21CBBA}.Release|Any CPU.Build.0 = Release|Any CPU
	EndGlobalSection
	GlobalSection(SolutionProperties) = preSolution
		HideSolutionNode = FALSE
	EndGlobalSection
	GlobalSection(ExtensibilityGlobals) = postSolution
		SolutionGuid = {E346778F-A64F-46B4-B461-D36A9DCB103B}
	EndGlobalSection
EndGlobal
